
Microsoft Visual Studio Solution File, Format Version 12.00
# Visual Studio 15
VisualStudioVersion = 15.0.28307.902
MinimumVisualStudioVersion = 10.0.40219.1
Project("{FAE04EC0-301F-11D3-BF4B-00C04F79EFBC}") = "ExtWatcher", "ExtWatcher\ExtWatcher.csproj", "{64DD0C2D-E444-4642-BBA7-D4630C8E45E8}"
EndProject
Project("{FAE04EC0-301F-11D3-BF4B-00C04F79EFBC}") = "ExtWatcher.WCF.Service", "ExtWatcher.WCF.Service\ExtWatcher.WCF.Service.csproj", "{6203516D-E64B-492B-8A87-4BAA7140FBCE}"
EndProject
Project("{FAE04EC0-301F-11D3-BF4B-00C04F79EFBC}") = "ExtWatcher.Common", "ExtWatcher.Common\ExtWatcher.Common.csproj", "{461CD8EC-3317-4B55-B8C6-71BB697B245C}"
EndProject
Project("{FAE04EC0-301F-11D3-BF4B-00C04F79EFBC}") = "ExtWatcher.Client", "ExtWatcher.Client\ExtWatcher.Client.csproj", "{01C66E69-9DD6-4F3D-9E07-78C089B775FE}"
	ProjectSection(ProjectDependencies) = postProject
		{6203516D-E64B-492B-8A87-4BAA7140FBCE} = {6203516D-E64B-492B-8A87-4BAA7140FBCE}
	EndProjectSection
EndProject
Project("{54435603-DBB4-11D2-8724-00A0C9A8B90C}") = "ExtWatcher Setup", "ExtWatcher Setup\ExtWatcher Setup.vdproj", "{BAE7258A-EC00-486E-8F07-4B66667CAFAD}"
EndProject
Global
	GlobalSection(SolutionConfigurationPlatforms) = preSolution
		Debug|Any CPU = Debug|Any CPU
		Debug|x64 = Debug|x64
		Release|Any CPU = Release|Any CPU
		Release|x64 = Release|x64
	EndGlobalSection
	GlobalSection(ProjectConfigurationPlatforms) = postSolution
		{64DD0C2D-E444-4642-BBA7-D4630C8E45E8}.Debug|Any CPU.ActiveCfg = Debug|Any CPU
		{64DD0C2D-E444-4642-BBA7-D4630C8E45E8}.Debug|Any CPU.Build.0 = Debug|Any CPU
		{64DD0C2D-E444-4642-BBA7-D4630C8E45E8}.Debug|x64.ActiveCfg = Debug|x64
		{64DD0C2D-E444-4642-BBA7-D4630C8E45E8}.Debug|x64.Build.0 = Debug|x64
		{64DD0C2D-E444-4642-BBA7-D4630C8E45E8}.Release|Any CPU.ActiveCfg = Release|Any CPU
		{64DD0C2D-E444-4642-BBA7-D4630C8E45E8}.Release|Any CPU.Build.0 = Release|Any CPU
		{64DD0C2D-E444-4642-BBA7-D4630C8E45E8}.Release|x64.ActiveCfg = Release|x64
		{64DD0C2D-E444-4642-BBA7-D4630C8E45E8}.Release|x64.Build.0 = Release|x64
		{6203516D-E64B-492B-8A87-4BAA7140FBCE}.Debug|Any CPU.ActiveCfg = Debug|Any CPU
		{6203516D-E64B-492B-8A87-4BAA7140FBCE}.Debug|Any CPU.Build.0 = Debug|Any CPU
		{6203516D-E64B-492B-8A87-4BAA7140FBCE}.Debug|x64.ActiveCfg = Debug|Any CPU
		{6203516D-E64B-492B-8A87-4BAA7140FBCE}.Debug|x64.Build.0 = Debug|Any CPU
		{6203516D-E64B-492B-8A87-4BAA7140FBCE}.Release|Any CPU.ActiveCfg = Release|Any CPU
		{6203516D-E64B-492B-8A87-4BAA7140FBCE}.Release|Any CPU.Build.0 = Release|Any CPU
		{6203516D-E64B-492B-8A87-4BAA7140FBCE}.Release|x64.ActiveCfg = Release|x64
		{6203516D-E64B-492B-8A87-4BAA7140FBCE}.Release|x64.Build.0 = Release|x64
		{461CD8EC-3317-4B55-B8C6-71BB697B245C}.Debug|Any CPU.ActiveCfg = Debug|Any CPU
		{461CD8EC-3317-4B55-B8C6-71BB697B245C}.Debug|Any CPU.Build.0 = Debug|Any CPU
		{461CD8EC-3317-4B55-B8C6-71BB697B245C}.Debug|x64.ActiveCfg = Debug|Any CPU
		{461CD8EC-3317-4B55-B8C6-71BB697B245C}.Debug|x64.Build.0 = Debug|Any CPU
		{461CD8EC-3317-4B55-B8C6-71BB697B245C}.Release|Any CPU.ActiveCfg = Release|Any CPU
		{461CD8EC-3317-4B55-B8C6-71BB697B245C}.Release|Any CPU.Build.0 = Release|Any CPU
		{461CD8EC-3317-4B55-B8C6-71BB697B245C}.Release|x64.ActiveCfg = Release|x64
		{461CD8EC-3317-4B55-B8C6-71BB697B245C}.Release|x64.Build.0 = Release|x64
		{01C66E69-9DD6-4F3D-9E07-78C089B775FE}.Debug|Any CPU.ActiveCfg = Debug|Any CPU
		{01C66E69-9DD6-4F3D-9E07-78C089B775FE}.Debug|Any CPU.Build.0 = Debug|Any CPU
		{01C66E69-9DD6-4F3D-9E07-78C089B775FE}.Debug|x64.ActiveCfg = Debug|Any CPU
		{01C66E69-9DD6-4F3D-9E07-78C089B775FE}.Debug|x64.Build.0 = Debug|Any CPU
		{01C66E69-9DD6-4F3D-9E07-78C089B775FE}.Release|Any CPU.ActiveCfg = Release|Any CPU
		{01C66E69-9DD6-4F3D-9E07-78C089B775FE}.Release|Any CPU.Build.0 = Release|Any CPU
		{01C66E69-9DD6-4F3D-9E07-78C089B775FE}.Release|x64.ActiveCfg = Release|x64
		{01C66E69-9DD6-4F3D-9E07-78C089B775FE}.Release|x64.Build.0 = Release|x64
		{BAE7258A-EC00-486E-8F07-4B66667CAFAD}.Debug|Any CPU.ActiveCfg = Debug
		{BAE7258A-EC00-486E-8F07-4B66667CAFAD}.Debug|x64.ActiveCfg = Debug
		{BAE7258A-EC00-486E-8F07-4B66667CAFAD}.Release|Any CPU.ActiveCfg = Release
		{BAE7258A-EC00-486E-8F07-4B66667CAFAD}.Release|x64.ActiveCfg = Release
	EndGlobalSection
	GlobalSection(SolutionProperties) = preSolution
		HideSolutionNode = FALSE
	EndGlobalSection
	GlobalSection(ExtensibilityGlobals) = postSolution
		SolutionGuid = {A744A9FD-E3A7-48F3-840D-4F27F2BCBF35}
	EndGlobalSection
EndGlobal
