
Microsoft Visual Studio Solution File, Format Version 12.00
# Visual Studio 15
VisualStudioVersion = 15.0.28307.902
MinimumVisualStudioVersion = 10.0.40219.1
Project("{FAE04EC0-301F-11D3-BF4B-00C04F79EFBC}") = "DirectoryMonitoring", "DirectoryMonitoring\DirectoryMonitoring.csproj", "{64689980-74B9-41D3-B282-4845EBA17FC7}"
EndProject
Project("{FAE04EC0-301F-11D3-BF4B-00C04F79EFBC}") = "DirectoryMonitoring.Common", "DirectoryMonitoring.Common\DirectoryMonitoring.Common.csproj", "{9FAEDE07-4907-4F73-B8AB-BAAC8443001A}"
EndProject
Global
	GlobalSection(SolutionConfigurationPlatforms) = preSolution
		Debug|Any CPU = Debug|Any CPU
		Release|Any CPU = Release|Any CPU
	EndGlobalSection
	GlobalSection(ProjectConfigurationPlatforms) = postSolution
		{64689980-74B9-41D3-B282-4845EBA17FC7}.Debug|Any CPU.ActiveCfg = Debug|Any CPU
		{64689980-74B9-41D3-B282-4845EBA17FC7}.Debug|Any CPU.Build.0 = Debug|Any CPU
		{64689980-74B9-41D3-B282-4845EBA17FC7}.Release|Any CPU.ActiveCfg = Release|Any CPU
		{64689980-74B9-41D3-B282-4845EBA17FC7}.Release|Any CPU.Build.0 = Release|Any CPU
		{9FAEDE07-4907-4F73-B8AB-BAAC8443001A}.Debug|Any CPU.ActiveCfg = Debug|Any CPU
		{9FAEDE07-4907-4F73-B8AB-BAAC8443001A}.Debug|Any CPU.Build.0 = Debug|Any CPU
		{9FAEDE07-4907-4F73-B8AB-BAAC8443001A}.Release|Any CPU.ActiveCfg = Release|Any CPU
		{9FAEDE07-4907-4F73-B8AB-BAAC8443001A}.Release|Any CPU.Build.0 = Release|Any CPU
	EndGlobalSection
	GlobalSection(SolutionProperties) = preSolution
		HideSolutionNode = FALSE
	EndGlobalSection
	GlobalSection(ExtensibilityGlobals) = postSolution
		SolutionGuid = {0B9B83B9-4849-4614-83E1-E7C53B443ADD}
	EndGlobalSection
EndGlobal
