
Microsoft Visual Studio Solution File, Format Version 12.00
# Visual Studio Version 17
VisualStudioVersion = 17.0.32112.339
MinimumVisualStudioVersion = 10.0.40219.1
Project("{FAE04EC0-301F-11D3-BF4B-00C04F79EFBC}") = "AnalyzeServiceGrpc", "AnalyzeServiceGrpc\AnalyzeServiceGrpc.csproj", "{7A88207B-320A-4486-86EB-A4DD30E7008C}"
EndProject
Global
	GlobalSection(SolutionConfigurationPlatforms) = preSolution
		Debug|Any CPU = Debug|Any CPU
		Release|Any CPU = Release|Any CPU
	EndGlobalSection
	GlobalSection(ProjectConfigurationPlatforms) = postSolution
		{7A88207B-320A-4486-86EB-A4DD30E7008C}.Debug|Any CPU.ActiveCfg = Debug|Any CPU
		{7A88207B-320A-4486-86EB-A4DD30E7008C}.Debug|Any CPU.Build.0 = Debug|Any CPU
		{7A88207B-320A-4486-86EB-A4DD30E7008C}.Release|Any CPU.ActiveCfg = Release|Any CPU
		{7A88207B-320A-4486-86EB-A4DD30E7008C}.Release|Any CPU.Build.0 = Release|Any CPU
	EndGlobalSection
	GlobalSection(SolutionProperties) = preSolution
		HideSolutionNode = FALSE
	EndGlobalSection
	GlobalSection(ExtensibilityGlobals) = postSolution
		SolutionGuid = {580B2541-560F-4F33-AB6F-B5B5B7E56C0D}
	EndGlobalSection
EndGlobal
