
Microsoft Visual Studio Solution File, Format Version 12.00
# Visual Studio 15
VisualStudioVersion = 15.0.28307.902
MinimumVisualStudioVersion = 10.0.40219.1
Project("{FAE04EC0-301F-11D3-BF4B-00C04F79EFBC}") = "LogImpl", "LogImpl\LogImpl.csproj", "{C17EE5FA-36AE-4D21-9CAB-2AD71DBE70AF}"
EndProject
Project("{FAE04EC0-301F-11D3-BF4B-00C04F79EFBC}") = "Common", "Common\Common.csproj", "{C35FDAAC-FBF7-47C2-8E62-9BE5A45EEEE1}"
EndProject
Project("{FAE04EC0-301F-11D3-BF4B-00C04F79EFBC}") = "Demo2", "Demo2\Demo2.csproj", "{3BD0CF57-8579-4871-9FDA-806D02F8D110}"
EndProject
Global
	GlobalSection(SolutionConfigurationPlatforms) = preSolution
		Debug|Any CPU = Debug|Any CPU
		Release|Any CPU = Release|Any CPU
	EndGlobalSection
	GlobalSection(ProjectConfigurationPlatforms) = postSolution
		{C17EE5FA-36AE-4D21-9CAB-2AD71DBE70AF}.Debug|Any CPU.ActiveCfg = Debug|Any CPU
		{C17EE5FA-36AE-4D21-9CAB-2AD71DBE70AF}.Debug|Any CPU.Build.0 = Debug|Any CPU
		{C17EE5FA-36AE-4D21-9CAB-2AD71DBE70AF}.Release|Any CPU.ActiveCfg = Release|Any CPU
		{C17EE5FA-36AE-4D21-9CAB-2AD71DBE70AF}.Release|Any CPU.Build.0 = Release|Any CPU
		{C35FDAAC-FBF7-47C2-8E62-9BE5A45EEEE1}.Debug|Any CPU.ActiveCfg = Debug|Any CPU
		{C35FDAAC-FBF7-47C2-8E62-9BE5A45EEEE1}.Debug|Any CPU.Build.0 = Debug|Any CPU
		{C35FDAAC-FBF7-47C2-8E62-9BE5A45EEEE1}.Release|Any CPU.ActiveCfg = Release|Any CPU
		{C35FDAAC-FBF7-47C2-8E62-9BE5A45EEEE1}.Release|Any CPU.Build.0 = Release|Any CPU
		{3BD0CF57-8579-4871-9FDA-806D02F8D110}.Debug|Any CPU.ActiveCfg = Debug|Any CPU
		{3BD0CF57-8579-4871-9FDA-806D02F8D110}.Debug|Any CPU.Build.0 = Debug|Any CPU
		{3BD0CF57-8579-4871-9FDA-806D02F8D110}.Release|Any CPU.ActiveCfg = Release|Any CPU
		{3BD0CF57-8579-4871-9FDA-806D02F8D110}.Release|Any CPU.Build.0 = Release|Any CPU
	EndGlobalSection
	GlobalSection(SolutionProperties) = preSolution
		HideSolutionNode = FALSE
	EndGlobalSection
	GlobalSection(ExtensibilityGlobals) = postSolution
		SolutionGuid = {D77C41AB-732E-4057-BC6C-FAC05A6FF5FC}
	EndGlobalSection
EndGlobal
