
Microsoft Visual Studio Solution File, Format Version 12.00
# Visual Studio Version 17
VisualStudioVersion = 17.0.32112.339
MinimumVisualStudioVersion = 10.0.40219.1
Project("{FAE04EC0-301F-11D3-BF4B-00C04F79EFBC}") = "AnalyzeServiceRest", "AnalyzeServiceRest\AnalyzeServiceRest.csproj", "{0EA84EE6-CC3A-4BA2-B33D-C89B17FBEB1E}"
EndProject
Project("{FAE04EC0-301F-11D3-BF4B-00C04F79EFBC}") = "RestActor", "RestActor\RestActor.csproj", "{F68833E7-C45F-41C6-81AD-DB07076B0815}"
EndProject
Global
	GlobalSection(SolutionConfigurationPlatforms) = preSolution
		Debug|Any CPU = Debug|Any CPU
		Release|Any CPU = Release|Any CPU
	EndGlobalSection
	GlobalSection(ProjectConfigurationPlatforms) = postSolution
		{0EA84EE6-CC3A-4BA2-B33D-C89B17FBEB1E}.Debug|Any CPU.ActiveCfg = Debug|Any CPU
		{0EA84EE6-CC3A-4BA2-B33D-C89B17FBEB1E}.Debug|Any CPU.Build.0 = Debug|Any CPU
		{0EA84EE6-CC3A-4BA2-B33D-C89B17FBEB1E}.Release|Any CPU.ActiveCfg = Release|Any CPU
		{0EA84EE6-CC3A-4BA2-B33D-C89B17FBEB1E}.Release|Any CPU.Build.0 = Release|Any CPU
		{F68833E7-C45F-41C6-81AD-DB07076B0815}.Debug|Any CPU.ActiveCfg = Debug|Any CPU
		{F68833E7-C45F-41C6-81AD-DB07076B0815}.Debug|Any CPU.Build.0 = Debug|Any CPU
		{F68833E7-C45F-41C6-81AD-DB07076B0815}.Release|Any CPU.ActiveCfg = Release|Any CPU
		{F68833E7-C45F-41C6-81AD-DB07076B0815}.Release|Any CPU.Build.0 = Release|Any CPU
	EndGlobalSection
	GlobalSection(SolutionProperties) = preSolution
		HideSolutionNode = FALSE
	EndGlobalSection
	GlobalSection(ExtensibilityGlobals) = postSolution
		SolutionGuid = {647F6CA6-5786-4A43-B4C6-7DDC23FCA110}
	EndGlobalSection
EndGlobal
